// !$*UTF8*$!
{
	archiveVersion = 1;
	classes = {
	};
	objectVersion = 50;
	objects = {

/* Begin PBXBuildFile section */
		E20FF10C25A18D59002E39FA /* Const.swift in Sources */ = {isa = PBXBuildFile; fileRef = E20FF10A25A18D59002E39FA /* Const.swift */; };
		E20FF10D25A18D59002E39FA /* Extensions.swift in Sources */ = {isa = PBXBuildFile; fileRef = E20FF10B25A18D59002E39FA /* Extensions.swift */; };
		E2599B9325AC5D050093E009 /* MockViewController.swift in Sources */ = {isa = PBXBuildFile; fileRef = E2599B9225AC5D050093E009 /* MockViewController.swift */; };
		E27115D425A2CD6500B6ACA6 /* ContentView.swift in Sources */ = {isa = PBXBuildFile; fileRef = E27115D325A2CD6500B6ACA6 /* ContentView.swift */; };
		E27115E725A2E1FC00B6ACA6 /* StoryCell.swift in Sources */ = {isa = PBXBuildFile; fileRef = E27115E525A2E1FC00B6ACA6 /* StoryCell.swift */; };
		E27115E825A2E1FC00B6ACA6 /* StoryCell.xib in Resources */ = {isa = PBXBuildFile; fileRef = E27115E625A2E1FC00B6ACA6 /* StoryCell.xib */; };
		E27115FA25A41E1300B6ACA6 /* Story.swift in Sources */ = {isa = PBXBuildFile; fileRef = E27115F925A41E1300B6ACA6 /* Story.swift */; };
		E271162725A482D300B6ACA6 /* IGStoryButton.swift in Sources */ = {isa = PBXBuildFile; fileRef = E2CBC347259CD93800B92BA4 /* IGStoryButton.swift */; };
		E271162A25A4859900B6ACA6 /* StatusView.swift in Sources */ = {isa = PBXBuildFile; fileRef = E27C03D425A1EEF700A1D1FC /* StatusView.swift */; };
		E271162D25A4859B00B6ACA6 /* ContentView.swift in Sources */ = {isa = PBXBuildFile; fileRef = E27115D325A2CD6500B6ACA6 /* ContentView.swift */; };
		E271163025A485B600B6ACA6 /* Const.swift in Sources */ = {isa = PBXBuildFile; fileRef = E20FF10A25A18D59002E39FA /* Const.swift */; };
		E271163325A485C600B6ACA6 /* Extensions.swift in Sources */ = {isa = PBXBuildFile; fileRef = E20FF10B25A18D59002E39FA /* Extensions.swift */; };
		E27C03D525A1EEF700A1D1FC /* StatusView.swift in Sources */ = {isa = PBXBuildFile; fileRef = E27C03D425A1EEF700A1D1FC /* StatusView.swift */; };
		E2C63AE025AD3D6300F76AD7 /* Precondition.swift in Sources */ = {isa = PBXBuildFile; fileRef = E2C63ADF25AD3D6300F76AD7 /* Precondition.swift */; };
		E2C63AE725AD3E9800F76AD7 /* XCTest+Precondition.swift in Sources */ = {isa = PBXBuildFile; fileRef = E2C63AE625AD3E9800F76AD7 /* XCTest+Precondition.swift */; };
		E2CBC2F3259CD73700B92BA4 /* IGStoryButtonKit.framework in Frameworks */ = {isa = PBXBuildFile; fileRef = E2CBC2E9259CD73700B92BA4 /* IGStoryButtonKit.framework */; };
		E2CBC2F8259CD73700B92BA4 /* IGStoryButtonTest.swift in Sources */ = {isa = PBXBuildFile; fileRef = E2CBC2F7259CD73700B92BA4 /* IGStoryButtonTest.swift */; };
		E2CBC2FA259CD73700B92BA4 /* IGStoryButtonKit.h in Headers */ = {isa = PBXBuildFile; fileRef = E2CBC2EC259CD73700B92BA4 /* IGStoryButtonKit.h */; settings = {ATTRIBUTES = (Public, ); }; };
		E2CBC32D259CD8D200B92BA4 /* AppDelegate.swift in Sources */ = {isa = PBXBuildFile; fileRef = E2CBC32C259CD8D200B92BA4 /* AppDelegate.swift */; };
		E2CBC32F259CD8D200B92BA4 /* SceneDelegate.swift in Sources */ = {isa = PBXBuildFile; fileRef = E2CBC32E259CD8D200B92BA4 /* SceneDelegate.swift */; };
		E2CBC331259CD8D200B92BA4 /* ViewController.swift in Sources */ = {isa = PBXBuildFile; fileRef = E2CBC330259CD8D200B92BA4 /* ViewController.swift */; };
		E2CBC334259CD8D200B92BA4 /* Main.storyboard in Resources */ = {isa = PBXBuildFile; fileRef = E2CBC332259CD8D200B92BA4 /* Main.storyboard */; };
		E2CBC336259CD8D300B92BA4 /* Assets.xcassets in Resources */ = {isa = PBXBuildFile; fileRef = E2CBC335259CD8D300B92BA4 /* Assets.xcassets */; };
		E2CBC339259CD8D300B92BA4 /* LaunchScreen.storyboard in Resources */ = {isa = PBXBuildFile; fileRef = E2CBC337259CD8D300B92BA4 /* LaunchScreen.storyboard */; };
		E2CBC348259CD93800B92BA4 /* IGStoryButton.swift in Sources */ = {isa = PBXBuildFile; fileRef = E2CBC347259CD93800B92BA4 /* IGStoryButton.swift */; };
		E2CBC35A259CE21700B92BA4 /* IGStoryButtonKit.framework in Frameworks */ = {isa = PBXBuildFile; fileRef = E2CBC2E9259CD73700B92BA4 /* IGStoryButtonKit.framework */; };
		E2CBC35B259CE21700B92BA4 /* IGStoryButtonKit.framework in Embed Frameworks */ = {isa = PBXBuildFile; fileRef = E2CBC2E9259CD73700B92BA4 /* IGStoryButtonKit.framework */; settings = {ATTRIBUTES = (CodeSignOnCopy, RemoveHeadersOnCopy, ); }; };
		E2CBC365259E4A9500B92BA4 /* ramen.png in Resources */ = {isa = PBXBuildFile; fileRef = E2CBC364259E4A9500B92BA4 /* ramen.png */; };
/* End PBXBuildFile section */

/* Begin PBXContainerItemProxy section */
		E2CBC2F4259CD73700B92BA4 /* PBXContainerItemProxy */ = {
			isa = PBXContainerItemProxy;
			containerPortal = E2CBC2E0259CD73700B92BA4 /* Project object */;
			proxyType = 1;
			remoteGlobalIDString = E2CBC2E8259CD73700B92BA4;
			remoteInfo = IGStoryUI;
		};
		E2CBC352259CE1D300B92BA4 /* PBXContainerItemProxy */ = {
			isa = PBXContainerItemProxy;
			containerPortal = E2CBC2E0259CD73700B92BA4 /* Project object */;
			proxyType = 1;
			remoteGlobalIDString = E2CBC2E8259CD73700B92BA4;
			remoteInfo = IGStoryUI;
		};
/* End PBXContainerItemProxy section */

/* Begin PBXCopyFilesBuildPhase section */
		E2CBC35C259CE21700B92BA4 /* Embed Frameworks */ = {
			isa = PBXCopyFilesBuildPhase;
			buildActionMask = 2147483647;
			dstPath = "";
			dstSubfolderSpec = 10;
			files = (
				E2CBC35B259CE21700B92BA4 /* IGStoryButtonKit.framework in Embed Frameworks */,
			);
			name = "Embed Frameworks";
			runOnlyForDeploymentPostprocessing = 0;
		};
/* End PBXCopyFilesBuildPhase section */

/* Begin PBXFileReference section */
		E20FF10A25A18D59002E39FA /* Const.swift */ = {isa = PBXFileReference; fileEncoding = 4; lastKnownFileType = sourcecode.swift; path = Const.swift; sourceTree = "<group>"; };
		E20FF10B25A18D59002E39FA /* Extensions.swift */ = {isa = PBXFileReference; fileEncoding = 4; lastKnownFileType = sourcecode.swift; path = Extensions.swift; sourceTree = "<group>"; };
		E2599B9225AC5D050093E009 /* MockViewController.swift */ = {isa = PBXFileReference; lastKnownFileType = sourcecode.swift; path = MockViewController.swift; sourceTree = "<group>"; };
		E27115D325A2CD6500B6ACA6 /* ContentView.swift */ = {isa = PBXFileReference; lastKnownFileType = sourcecode.swift; path = ContentView.swift; sourceTree = "<group>"; };
		E27115E525A2E1FC00B6ACA6 /* StoryCell.swift */ = {isa = PBXFileReference; lastKnownFileType = sourcecode.swift; path = StoryCell.swift; sourceTree = "<group>"; };
		E27115E625A2E1FC00B6ACA6 /* StoryCell.xib */ = {isa = PBXFileReference; lastKnownFileType = file.xib; path = StoryCell.xib; sourceTree = "<group>"; };
		E27115F925A41E1300B6ACA6 /* Story.swift */ = {isa = PBXFileReference; lastKnownFileType = sourcecode.swift; path = Story.swift; sourceTree = "<group>"; };
		E27C03D425A1EEF700A1D1FC /* StatusView.swift */ = {isa = PBXFileReference; lastKnownFileType = sourcecode.swift; path = StatusView.swift; sourceTree = "<group>"; };
		E2C63ADF25AD3D6300F76AD7 /* Precondition.swift */ = {isa = PBXFileReference; lastKnownFileType = sourcecode.swift; path = Precondition.swift; sourceTree = "<group>"; };
		E2C63AE625AD3E9800F76AD7 /* XCTest+Precondition.swift */ = {isa = PBXFileReference; lastKnownFileType = sourcecode.swift; path = "XCTest+Precondition.swift"; sourceTree = "<group>"; };
		E2CBC2E9259CD73700B92BA4 /* IGStoryButtonKit.framework */ = {isa = PBXFileReference; explicitFileType = wrapper.framework; includeInIndex = 0; path = IGStoryButtonKit.framework; sourceTree = BUILT_PRODUCTS_DIR; };
		E2CBC2EC259CD73700B92BA4 /* IGStoryButtonKit.h */ = {isa = PBXFileReference; lastKnownFileType = sourcecode.c.h; path = IGStoryButtonKit.h; sourceTree = "<group>"; };
		E2CBC2ED259CD73700B92BA4 /* Info.plist */ = {isa = PBXFileReference; lastKnownFileType = text.plist.xml; path = Info.plist; sourceTree = "<group>"; };
		E2CBC2F2259CD73700B92BA4 /* IGStoryButtonKitTests.xctest */ = {isa = PBXFileReference; explicitFileType = wrapper.cfbundle; includeInIndex = 0; path = IGStoryButtonKitTests.xctest; sourceTree = BUILT_PRODUCTS_DIR; };
		E2CBC2F7259CD73700B92BA4 /* IGStoryButtonTest.swift */ = {isa = PBXFileReference; lastKnownFileType = sourcecode.swift; path = IGStoryButtonTest.swift; sourceTree = "<group>"; };
		E2CBC2F9259CD73700B92BA4 /* Info.plist */ = {isa = PBXFileReference; lastKnownFileType = text.plist.xml; path = Info.plist; sourceTree = "<group>"; };
		E2CBC32A259CD8D200B92BA4 /* ExampleApp.app */ = {isa = PBXFileReference; explicitFileType = wrapper.application; includeInIndex = 0; path = ExampleApp.app; sourceTree = BUILT_PRODUCTS_DIR; };
		E2CBC32C259CD8D200B92BA4 /* AppDelegate.swift */ = {isa = PBXFileReference; lastKnownFileType = sourcecode.swift; path = AppDelegate.swift; sourceTree = "<group>"; };
		E2CBC32E259CD8D200B92BA4 /* SceneDelegate.swift */ = {isa = PBXFileReference; lastKnownFileType = sourcecode.swift; path = SceneDelegate.swift; sourceTree = "<group>"; };
		E2CBC330259CD8D200B92BA4 /* ViewController.swift */ = {isa = PBXFileReference; lastKnownFileType = sourcecode.swift; path = ViewController.swift; sourceTree = "<group>"; };
		E2CBC333259CD8D200B92BA4 /* Base */ = {isa = PBXFileReference; lastKnownFileType = file.storyboard; name = Base; path = Base.lproj/Main.storyboard; sourceTree = "<group>"; };
		E2CBC335259CD8D300B92BA4 /* Assets.xcassets */ = {isa = PBXFileReference; lastKnownFileType = folder.assetcatalog; path = Assets.xcassets; sourceTree = "<group>"; };
		E2CBC338259CD8D300B92BA4 /* Base */ = {isa = PBXFileReference; lastKnownFileType = file.storyboard; name = Base; path = Base.lproj/LaunchScreen.storyboard; sourceTree = "<group>"; };
		E2CBC33A259CD8D300B92BA4 /* Info.plist */ = {isa = PBXFileReference; lastKnownFileType = text.plist.xml; path = Info.plist; sourceTree = "<group>"; };
		E2CBC347259CD93800B92BA4 /* IGStoryButton.swift */ = {isa = PBXFileReference; lastKnownFileType = sourcecode.swift; path = IGStoryButton.swift; sourceTree = "<group>"; };
		E2CBC364259E4A9500B92BA4 /* ramen.png */ = {isa = PBXFileReference; lastKnownFileType = image.png; path = ramen.png; sourceTree = "<group>"; };
/* End PBXFileReference section */

/* Begin PBXFrameworksBuildPhase section */
		E2CBC2E6259CD73700B92BA4 /* Frameworks */ = {
			isa = PBXFrameworksBuildPhase;
			buildActionMask = 2147483647;
			files = (
			);
			runOnlyForDeploymentPostprocessing = 0;
		};
		E2CBC2EF259CD73700B92BA4 /* Frameworks */ = {
			isa = PBXFrameworksBuildPhase;
			buildActionMask = 2147483647;
			files = (
				E2CBC2F3259CD73700B92BA4 /* IGStoryButtonKit.framework in Frameworks */,
			);
			runOnlyForDeploymentPostprocessing = 0;
		};
		E2CBC327259CD8D200B92BA4 /* Frameworks */ = {
			isa = PBXFrameworksBuildPhase;
			buildActionMask = 2147483647;
			files = (
				E2CBC35A259CE21700B92BA4 /* IGStoryButtonKit.framework in Frameworks */,
			);
			runOnlyForDeploymentPostprocessing = 0;
		};
/* End PBXFrameworksBuildPhase section */

/* Begin PBXGroup section */
		E2490E2E25AD4063000DA950 /* Extension */ = {
			isa = PBXGroup;
			children = (
				E2C63AE625AD3E9800F76AD7 /* XCTest+Precondition.swift */,
			);
			path = Extension;
			sourceTree = "<group>";
		};
		E2490E3325AD4893000DA950 /* Mock */ = {
			isa = PBXGroup;
			children = (
				E2599B9225AC5D050093E009 /* MockViewController.swift */,
			);
			path = Mock;
			sourceTree = "<group>";
		};
		E271161B25A458D200B6ACA6 /* Model */ = {
			isa = PBXGroup;
			children = (
				E27115F925A41E1300B6ACA6 /* Story.swift */,
			);
			path = Model;
			sourceTree = "<group>";
		};
		E271161E25A4593400B6ACA6 /* View */ = {
			isa = PBXGroup;
			children = (
				E2CBC330259CD8D200B92BA4 /* ViewController.swift */,
				E27115E525A2E1FC00B6ACA6 /* StoryCell.swift */,
				E27115E625A2E1FC00B6ACA6 /* StoryCell.xib */,
				E2CBC332259CD8D200B92BA4 /* Main.storyboard */,
				E2CBC337259CD8D300B92BA4 /* LaunchScreen.storyboard */,
			);
			path = View;
			sourceTree = "<group>";
		};
		E271161F25A4594400B6ACA6 /* Application */ = {
			isa = PBXGroup;
			children = (
				E2CBC32C259CD8D200B92BA4 /* AppDelegate.swift */,
				E2CBC32E259CD8D200B92BA4 /* SceneDelegate.swift */,
			);
			path = Application;
			sourceTree = "<group>";
		};
		E2C63ADE25AD3D1E00F76AD7 /* Helper */ = {
			isa = PBXGroup;
			children = (
				E2490E3325AD4893000DA950 /* Mock */,
				E2490E2E25AD4063000DA950 /* Extension */,
				E2C63ADF25AD3D6300F76AD7 /* Precondition.swift */,
			);
			path = Helper;
			sourceTree = "<group>";
		};
		E2CBC2DF259CD73700B92BA4 = {
			isa = PBXGroup;
			children = (
				E2CBC2EB259CD73700B92BA4 /* IGStoryButtonKit */,
				E2CBC2F6259CD73700B92BA4 /* IGStoryButtonKitTests */,
				E2CBC32B259CD8D200B92BA4 /* ExampleApp */,
				E2CBC2EA259CD73700B92BA4 /* Products */,
				E2CBC34F259CE1D300B92BA4 /* Frameworks */,
			);
			sourceTree = "<group>";
		};
		E2CBC2EA259CD73700B92BA4 /* Products */ = {
			isa = PBXGroup;
			children = (
				E2CBC2E9259CD73700B92BA4 /* IGStoryButtonKit.framework */,
				E2CBC2F2259CD73700B92BA4 /* IGStoryButtonKitTests.xctest */,
				E2CBC32A259CD8D200B92BA4 /* ExampleApp.app */,
			);
			name = Products;
			sourceTree = "<group>";
		};
		E2CBC2EB259CD73700B92BA4 /* IGStoryButtonKit */ = {
			isa = PBXGroup;
			children = (
				E20FF10A25A18D59002E39FA /* Const.swift */,
				E20FF10B25A18D59002E39FA /* Extensions.swift */,
				E2CBC347259CD93800B92BA4 /* IGStoryButton.swift */,
				E27C03D425A1EEF700A1D1FC /* StatusView.swift */,
				E27115D325A2CD6500B6ACA6 /* ContentView.swift */,
				E2CBC2EC259CD73700B92BA4 /* IGStoryButtonKit.h */,
				E2CBC2ED259CD73700B92BA4 /* Info.plist */,
			);
			path = IGStoryButtonKit;
			sourceTree = "<group>";
		};
		E2CBC2F6259CD73700B92BA4 /* IGStoryButtonKitTests */ = {
			isa = PBXGroup;
			children = (
				E2C63ADE25AD3D1E00F76AD7 /* Helper */,
				E2CBC2F7259CD73700B92BA4 /* IGStoryButtonTest.swift */,
				E2CBC2F9259CD73700B92BA4 /* Info.plist */,
			);
			path = IGStoryButtonKitTests;
			sourceTree = "<group>";
		};
		E2CBC32B259CD8D200B92BA4 /* ExampleApp */ = {
			isa = PBXGroup;
			children = (
				E271161F25A4594400B6ACA6 /* Application */,
				E271161E25A4593400B6ACA6 /* View */,
				E271161B25A458D200B6ACA6 /* Model */,
				E2CBC35F259E447F00B92BA4 /* Resource */,
			);
			path = ExampleApp;
			sourceTree = "<group>";
		};
		E2CBC34F259CE1D300B92BA4 /* Frameworks */ = {
			isa = PBXGroup;
			children = (
			);
			name = Frameworks;
			sourceTree = "<group>";
		};
		E2CBC35F259E447F00B92BA4 /* Resource */ = {
			isa = PBXGroup;
			children = (
				E2CBC335259CD8D300B92BA4 /* Assets.xcassets */,
				E2CBC33A259CD8D300B92BA4 /* Info.plist */,
				E2CBC364259E4A9500B92BA4 /* ramen.png */,
			);
			path = Resource;
			sourceTree = "<group>";
		};
/* End PBXGroup section */

/* Begin PBXHeadersBuildPhase section */
		E2CBC2E4259CD73700B92BA4 /* Headers */ = {
			isa = PBXHeadersBuildPhase;
			buildActionMask = 2147483647;
			files = (
				E2CBC2FA259CD73700B92BA4 /* IGStoryButtonKit.h in Headers */,
			);
			runOnlyForDeploymentPostprocessing = 0;
		};
/* End PBXHeadersBuildPhase section */

/* Begin PBXNativeTarget section */
		E2CBC2E8259CD73700B92BA4 /* IGStoryButtonKit */ = {
			isa = PBXNativeTarget;
			buildConfigurationList = E2CBC2FD259CD73700B92BA4 /* Build configuration list for PBXNativeTarget "IGStoryButtonKit" */;
			buildPhases = (
				E2CBC2E4259CD73700B92BA4 /* Headers */,
				E2CBC2E5259CD73700B92BA4 /* Sources */,
				E2CBC2E6259CD73700B92BA4 /* Frameworks */,
				E2CBC2E7259CD73700B92BA4 /* Resources */,
				E271163625A4909900B6ACA6 /* SwiftLint */,
			);
			buildRules = (
			);
			dependencies = (
			);
			name = IGStoryButtonKit;
			productName = IGStoryUI;
			productReference = E2CBC2E9259CD73700B92BA4 /* IGStoryButtonKit.framework */;
			productType = "com.apple.product-type.framework";
		};
		E2CBC2F1259CD73700B92BA4 /* IGStoryButtonKitTests */ = {
			isa = PBXNativeTarget;
			buildConfigurationList = E2CBC300259CD73700B92BA4 /* Build configuration list for PBXNativeTarget "IGStoryButtonKitTests" */;
			buildPhases = (
				E2CBC2EE259CD73700B92BA4 /* Sources */,
				E2CBC2EF259CD73700B92BA4 /* Frameworks */,
				E2CBC2F0259CD73700B92BA4 /* Resources */,
			);
			buildRules = (
			);
			dependencies = (
				E2CBC2F5259CD73700B92BA4 /* PBXTargetDependency */,
			);
			name = IGStoryButtonKitTests;
			productName = IGStoryUITests;
			productReference = E2CBC2F2259CD73700B92BA4 /* IGStoryButtonKitTests.xctest */;
			productType = "com.apple.product-type.bundle.unit-test";
		};
		E2CBC329259CD8D200B92BA4 /* ExampleApp */ = {
			isa = PBXNativeTarget;
			buildConfigurationList = E2CBC33B259CD8D300B92BA4 /* Build configuration list for PBXNativeTarget "ExampleApp" */;
			buildPhases = (
				E2CBC326259CD8D200B92BA4 /* Sources */,
				E2CBC327259CD8D200B92BA4 /* Frameworks */,
				E2CBC328259CD8D200B92BA4 /* Resources */,
				E2CBC35C259CE21700B92BA4 /* Embed Frameworks */,
			);
			buildRules = (
			);
			dependencies = (
				E2CBC353259CE1D300B92BA4 /* PBXTargetDependency */,
			);
			name = ExampleApp;
			productName = ExampleApp;
			productReference = E2CBC32A259CD8D200B92BA4 /* ExampleApp.app */;
			productType = "com.apple.product-type.application";
		};
/* End PBXNativeTarget section */

/* Begin PBXProject section */
		E2CBC2E0259CD73700B92BA4 /* Project object */ = {
			isa = PBXProject;
			attributes = {
				LastSwiftUpdateCheck = 1230;
				LastUpgradeCheck = 1230;
				TargetAttributes = {
					E2CBC2E8259CD73700B92BA4 = {
						CreatedOnToolsVersion = 12.3;
						LastSwiftMigration = 1230;
					};
					E2CBC2F1259CD73700B92BA4 = {
						CreatedOnToolsVersion = 12.3;
					};
					E2CBC329259CD8D200B92BA4 = {
						CreatedOnToolsVersion = 12.3;
					};
				};
			};
			buildConfigurationList = E2CBC2E3259CD73700B92BA4 /* Build configuration list for PBXProject "IGStoryButtonKit" */;
			compatibilityVersion = "Xcode 9.3";
			developmentRegion = en;
			hasScannedForEncodings = 0;
			knownRegions = (
				en,
				Base,
			);
			mainGroup = E2CBC2DF259CD73700B92BA4;
			productRefGroup = E2CBC2EA259CD73700B92BA4 /* Products */;
			projectDirPath = "";
			projectRoot = "";
			targets = (
				E2CBC2E8259CD73700B92BA4 /* IGStoryButtonKit */,
				E2CBC2F1259CD73700B92BA4 /* IGStoryButtonKitTests */,
				E2CBC329259CD8D200B92BA4 /* ExampleApp */,
			);
		};
/* End PBXProject section */

/* Begin PBXResourcesBuildPhase section */
		E2CBC2E7259CD73700B92BA4 /* Resources */ = {
			isa = PBXResourcesBuildPhase;
			buildActionMask = 2147483647;
			files = (
			);
			runOnlyForDeploymentPostprocessing = 0;
		};
		E2CBC2F0259CD73700B92BA4 /* Resources */ = {
			isa = PBXResourcesBuildPhase;
			buildActionMask = 2147483647;
			files = (
			);
			runOnlyForDeploymentPostprocessing = 0;
		};
		E2CBC328259CD8D200B92BA4 /* Resources */ = {
			isa = PBXResourcesBuildPhase;
			buildActionMask = 2147483647;
			files = (
				E2CBC339259CD8D300B92BA4 /* LaunchScreen.storyboard in Resources */,
				E2CBC336259CD8D300B92BA4 /* Assets.xcassets in Resources */,
				E2CBC334259CD8D200B92BA4 /* Main.storyboard in Resources */,
				E2CBC365259E4A9500B92BA4 /* ramen.png in Resources */,
				E27115E825A2E1FC00B6ACA6 /* StoryCell.xib in Resources */,
			);
			runOnlyForDeploymentPostprocessing = 0;
		};
/* End PBXResourcesBuildPhase section */

/* Begin PBXShellScriptBuildPhase section */
		E271163625A4909900B6ACA6 /* SwiftLint */ = {
			isa = PBXShellScriptBuildPhase;
			buildActionMask = 2147483647;
			files = (
			);
			inputFileListPaths = (
			);
			inputPaths = (
			);
			name = SwiftLint;
			outputFileListPaths = (
			);
			outputPaths = (
			);
			runOnlyForDeploymentPostprocessing = 0;
			shellPath = /bin/sh;
			shellScript = "# Type a script or drag a script file from your workspace to insert its path.\nif which swiftlint >/dev/null; then\n  swiftlint\nelse\n  echo \"warning: SwiftLint not installed, download from https://github.com/realm/SwiftLint\"\nfi\n";
		};
/* End PBXShellScriptBuildPhase section */

/* Begin PBXSourcesBuildPhase section */
		E2CBC2E5259CD73700B92BA4 /* Sources */ = {
			isa = PBXSourcesBuildPhase;
			buildActionMask = 2147483647;
			files = (
				E2CBC348259CD93800B92BA4 /* IGStoryButton.swift in Sources */,
				E27115D425A2CD6500B6ACA6 /* ContentView.swift in Sources */,
				E20FF10D25A18D59002E39FA /* Extensions.swift in Sources */,
				E27C03D525A1EEF700A1D1FC /* StatusView.swift in Sources */,
				E20FF10C25A18D59002E39FA /* Const.swift in Sources */,
			);
			runOnlyForDeploymentPostprocessing = 0;
		};
		E2CBC2EE259CD73700B92BA4 /* Sources */ = {
			isa = PBXSourcesBuildPhase;
			buildActionMask = 2147483647;
			files = (
				E2CBC2F8259CD73700B92BA4 /* IGStoryButtonTest.swift in Sources */,
				E2C63AE725AD3E9800F76AD7 /* XCTest+Precondition.swift in Sources */,
				E271163325A485C600B6ACA6 /* Extensions.swift in Sources */,
				E271162725A482D300B6ACA6 /* IGStoryButton.swift in Sources */,
				E2C63AE025AD3D6300F76AD7 /* Precondition.swift in Sources */,
				E2599B9325AC5D050093E009 /* MockViewController.swift in Sources */,
				E271162D25A4859B00B6ACA6 /* ContentView.swift in Sources */,
				E271162A25A4859900B6ACA6 /* StatusView.swift in Sources */,
				E271163025A485B600B6ACA6 /* Const.swift in Sources */,
			);
			runOnlyForDeploymentPostprocessing = 0;
		};
		E2CBC326259CD8D200B92BA4 /* Sources */ = {
			isa = PBXSourcesBuildPhase;
			buildActionMask = 2147483647;
			files = (
				E2CBC331259CD8D200B92BA4 /* ViewController.swift in Sources */,
				E2CBC32D259CD8D200B92BA4 /* AppDelegate.swift in Sources */,
				E2CBC32F259CD8D200B92BA4 /* SceneDelegate.swift in Sources */,
				E27115E725A2E1FC00B6ACA6 /* StoryCell.swift in Sources */,
				E27115FA25A41E1300B6ACA6 /* Story.swift in Sources */,
			);
			runOnlyForDeploymentPostprocessing = 0;
		};
/* End PBXSourcesBuildPhase section */

/* Begin PBXTargetDependency section */
		E2CBC2F5259CD73700B92BA4 /* PBXTargetDependency */ = {
			isa = PBXTargetDependency;
			target = E2CBC2E8259CD73700B92BA4 /* IGStoryButtonKit */;
			targetProxy = E2CBC2F4259CD73700B92BA4 /* PBXContainerItemProxy */;
		};
		E2CBC353259CE1D300B92BA4 /* PBXTargetDependency */ = {
			isa = PBXTargetDependency;
			target = E2CBC2E8259CD73700B92BA4 /* IGStoryButtonKit */;
			targetProxy = E2CBC352259CE1D300B92BA4 /* PBXContainerItemProxy */;
		};
/* End PBXTargetDependency section */

/* Begin PBXVariantGroup section */
		E2CBC332259CD8D200B92BA4 /* Main.storyboard */ = {
			isa = PBXVariantGroup;
			children = (
				E2CBC333259CD8D200B92BA4 /* Base */,
			);
			name = Main.storyboard;
			sourceTree = "<group>";
		};
		E2CBC337259CD8D300B92BA4 /* LaunchScreen.storyboard */ = {
			isa = PBXVariantGroup;
			children = (
				E2CBC338259CD8D300B92BA4 /* Base */,
			);
			name = LaunchScreen.storyboard;
			sourceTree = "<group>";
		};
/* End PBXVariantGroup section */

/* Begin XCBuildConfiguration section */
		E2CBC2FB259CD73700B92BA4 /* Debug */ = {
			isa = XCBuildConfiguration;
			buildSettings = {
				ALWAYS_SEARCH_USER_PATHS = NO;
				CLANG_ANALYZER_NONNULL = YES;
				CLANG_ANALYZER_NUMBER_OBJECT_CONVERSION = YES_AGGRESSIVE;
				CLANG_CXX_LANGUAGE_STANDARD = "gnu++14";
				CLANG_CXX_LIBRARY = "libc++";
				CLANG_ENABLE_MODULES = YES;
				CLANG_ENABLE_OBJC_ARC = YES;
				CLANG_ENABLE_OBJC_WEAK = YES;
				CLANG_WARN_BLOCK_CAPTURE_AUTORELEASING = YES;
				CLANG_WARN_BOOL_CONVERSION = YES;
				CLANG_WARN_COMMA = YES;
				CLANG_WARN_CONSTANT_CONVERSION = YES;
				CLANG_WARN_DEPRECATED_OBJC_IMPLEMENTATIONS = YES;
				CLANG_WARN_DIRECT_OBJC_ISA_USAGE = YES_ERROR;
				CLANG_WARN_DOCUMENTATION_COMMENTS = YES;
				CLANG_WARN_EMPTY_BODY = YES;
				CLANG_WARN_ENUM_CONVERSION = YES;
				CLANG_WARN_INFINITE_RECURSION = YES;
				CLANG_WARN_INT_CONVERSION = YES;
				CLANG_WARN_NON_LITERAL_NULL_CONVERSION = YES;
				CLANG_WARN_OBJC_IMPLICIT_RETAIN_SELF = YES;
				CLANG_WARN_OBJC_LITERAL_CONVERSION = YES;
				CLANG_WARN_OBJC_ROOT_CLASS = YES_ERROR;
				CLANG_WARN_QUOTED_INCLUDE_IN_FRAMEWORK_HEADER = YES;
				CLANG_WARN_RANGE_LOOP_ANALYSIS = YES;
				CLANG_WARN_STRICT_PROTOTYPES = YES;
				CLANG_WARN_SUSPICIOUS_MOVE = YES;
				CLANG_WARN_UNGUARDED_AVAILABILITY = YES_AGGRESSIVE;
				CLANG_WARN_UNREACHABLE_CODE = YES;
				CLANG_WARN__DUPLICATE_METHOD_MATCH = YES;
				COPY_PHASE_STRIP = NO;
				CURRENT_PROJECT_VERSION = 1;
				DEBUG_INFORMATION_FORMAT = dwarf;
				ENABLE_STRICT_OBJC_MSGSEND = YES;
				ENABLE_TESTABILITY = YES;
				GCC_C_LANGUAGE_STANDARD = gnu11;
				GCC_DYNAMIC_NO_PIC = NO;
				GCC_NO_COMMON_BLOCKS = YES;
				GCC_OPTIMIZATION_LEVEL = 0;
				GCC_PREPROCESSOR_DEFINITIONS = (
					"DEBUG=1",
					"$(inherited)",
				);
				GCC_WARN_64_TO_32_BIT_CONVERSION = YES;
				GCC_WARN_ABOUT_RETURN_TYPE = YES_ERROR;
				GCC_WARN_UNDECLARED_SELECTOR = YES;
				GCC_WARN_UNINITIALIZED_AUTOS = YES_AGGRESSIVE;
				GCC_WARN_UNUSED_FUNCTION = YES;
				GCC_WARN_UNUSED_VARIABLE = YES;
				IPHONEOS_DEPLOYMENT_TARGET = 13.0;
				MTL_ENABLE_DEBUG_INFO = INCLUDE_SOURCE;
				MTL_FAST_MATH = YES;
				ONLY_ACTIVE_ARCH = YES;
				SDKROOT = iphoneos;
				SWIFT_ACTIVE_COMPILATION_CONDITIONS = DEBUG;
				SWIFT_OPTIMIZATION_LEVEL = "-Onone";
				VERSIONING_SYSTEM = "apple-generic";
				VERSION_INFO_PREFIX = "";
			};
			name = Debug;
		};
		E2CBC2FC259CD73700B92BA4 /* Release */ = {
			isa = XCBuildConfiguration;
			buildSettings = {
				ALWAYS_SEARCH_USER_PATHS = NO;
				CLANG_ANALYZER_NONNULL = YES;
				CLANG_ANALYZER_NUMBER_OBJECT_CONVERSION = YES_AGGRESSIVE;
				CLANG_CXX_LANGUAGE_STANDARD = "gnu++14";
				CLANG_CXX_LIBRARY = "libc++";
				CLANG_ENABLE_MODULES = YES;
				CLANG_ENABLE_OBJC_ARC = YES;
				CLANG_ENABLE_OBJC_WEAK = YES;
				CLANG_WARN_BLOCK_CAPTURE_AUTORELEASING = YES;
				CLANG_WARN_BOOL_CONVERSION = YES;
				CLANG_WARN_COMMA = YES;
				CLANG_WARN_CONSTANT_CONVERSION = YES;
				CLANG_WARN_DEPRECATED_OBJC_IMPLEMENTATIONS = YES;
				CLANG_WARN_DIRECT_OBJC_ISA_USAGE = YES_ERROR;
				CLANG_WARN_DOCUMENTATION_COMMENTS = YES;
				CLANG_WARN_EMPTY_BODY = YES;
				CLANG_WARN_ENUM_CONVERSION = YES;
				CLANG_WARN_INFINITE_RECURSION = YES;
				CLANG_WARN_INT_CONVERSION = YES;
				CLANG_WARN_NON_LITERAL_NULL_CONVERSION = YES;
				CLANG_WARN_OBJC_IMPLICIT_RETAIN_SELF = YES;
				CLANG_WARN_OBJC_LITERAL_CONVERSION = YES;
				CLANG_WARN_OBJC_ROOT_CLASS = YES_ERROR;
				CLANG_WARN_QUOTED_INCLUDE_IN_FRAMEWORK_HEADER = YES;
				CLANG_WARN_RANGE_LOOP_ANALYSIS = YES;
				CLANG_WARN_STRICT_PROTOTYPES = YES;
				CLANG_WARN_SUSPICIOUS_MOVE = YES;
				CLANG_WARN_UNGUARDED_AVAILABILITY = YES_AGGRESSIVE;
				CLANG_WARN_UNREACHABLE_CODE = YES;
				CLANG_WARN__DUPLICATE_METHOD_MATCH = YES;
				COPY_PHASE_STRIP = NO;
				CURRENT_PROJECT_VERSION = 1;
				DEBUG_INFORMATION_FORMAT = "dwarf-with-dsym";
				ENABLE_NS_ASSERTIONS = NO;
				ENABLE_STRICT_OBJC_MSGSEND = YES;
				GCC_C_LANGUAGE_STANDARD = gnu11;
				GCC_NO_COMMON_BLOCKS = YES;
				GCC_WARN_64_TO_32_BIT_CONVERSION = YES;
				GCC_WARN_ABOUT_RETURN_TYPE = YES_ERROR;
				GCC_WARN_UNDECLARED_SELECTOR = YES;
				GCC_WARN_UNINITIALIZED_AUTOS = YES_AGGRESSIVE;
				GCC_WARN_UNUSED_FUNCTION = YES;
				GCC_WARN_UNUSED_VARIABLE = YES;
				IPHONEOS_DEPLOYMENT_TARGET = 13.0;
				MTL_ENABLE_DEBUG_INFO = NO;
				MTL_FAST_MATH = YES;
				SDKROOT = iphoneos;
				SWIFT_COMPILATION_MODE = wholemodule;
				SWIFT_OPTIMIZATION_LEVEL = "-O";
				VALIDATE_PRODUCT = YES;
				VERSIONING_SYSTEM = "apple-generic";
				VERSION_INFO_PREFIX = "";
			};
			name = Release;
		};
		E2CBC2FE259CD73700B92BA4 /* Debug */ = {
			isa = XCBuildConfiguration;
			buildSettings = {
				CLANG_ENABLE_MODULES = YES;
				CODE_SIGN_STYLE = Automatic;
				DEFINES_MODULE = YES;
				DEVELOPMENT_TEAM = 7978CN5FM3;
				DYLIB_COMPATIBILITY_VERSION = 1;
				DYLIB_CURRENT_VERSION = 1;
				DYLIB_INSTALL_NAME_BASE = "@rpath";
				INFOPLIST_FILE = IGStoryButtonKit/Info.plist;
				INSTALL_PATH = "$(LOCAL_LIBRARY_DIR)/Frameworks";
				IPHONEOS_DEPLOYMENT_TARGET = 13.0;
				LD_RUNPATH_SEARCH_PATHS = (
					"$(inherited)",
					"@executable_path/Frameworks",
					"@loader_path/Frameworks",
				);
				PRODUCT_BUNDLE_IDENTIFIER = muta.IGStoryButtonKit;
				PRODUCT_NAME = "$(TARGET_NAME:c99extidentifier)";
				SKIP_INSTALL = YES;
				SUPPORTS_MACCATALYST = NO;
				SWIFT_OPTIMIZATION_LEVEL = "-Onone";
				SWIFT_VERSION = 5.0;
				TARGETED_DEVICE_FAMILY = "1,2";
			};
			name = Debug;
		};
		E2CBC2FF259CD73700B92BA4 /* Release */ = {
			isa = XCBuildConfiguration;
			buildSettings = {
				CLANG_ENABLE_MODULES = YES;
				CODE_SIGN_STYLE = Automatic;
				DEFINES_MODULE = YES;
				DEVELOPMENT_TEAM = 7978CN5FM3;
				DYLIB_COMPATIBILITY_VERSION = 1;
				DYLIB_CURRENT_VERSION = 1;
				DYLIB_INSTALL_NAME_BASE = "@rpath";
				INFOPLIST_FILE = IGStoryButtonKit/Info.plist;
				INSTALL_PATH = "$(LOCAL_LIBRARY_DIR)/Frameworks";
				IPHONEOS_DEPLOYMENT_TARGET = 13.0;
				LD_RUNPATH_SEARCH_PATHS = (
					"$(inherited)",
					"@executable_path/Frameworks",
					"@loader_path/Frameworks",
				);
				PRODUCT_BUNDLE_IDENTIFIER = muta.IGStoryButtonKit;
				PRODUCT_NAME = "$(TARGET_NAME:c99extidentifier)";
				SKIP_INSTALL = YES;
				SUPPORTS_MACCATALYST = NO;
				SWIFT_VERSION = 5.0;
				TARGETED_DEVICE_FAMILY = "1,2";
			};
			name = Release;
		};
		E2CBC301259CD73700B92BA4 /* Debug */ = {
			isa = XCBuildConfiguration;
			buildSettings = {
				ALWAYS_EMBED_SWIFT_STANDARD_LIBRARIES = YES;
				CODE_SIGN_STYLE = Automatic;
				DEVELOPMENT_TEAM = 7978CN5FM3;
				INFOPLIST_FILE = IGStoryButtonKitTests/Info.plist;
				LD_RUNPATH_SEARCH_PATHS = (
					"$(inherited)",
					"@executable_path/Frameworks",
					"@loader_path/Frameworks",
				);
				PRODUCT_BUNDLE_IDENTIFIER = muta.IGStoryUITests;
				PRODUCT_NAME = "$(TARGET_NAME)";
				SWIFT_VERSION = 5.0;
				TARGETED_DEVICE_FAMILY = "1,2";
			};
			name = Debug;
		};
		E2CBC302259CD73700B92BA4 /* Release */ = {
			isa = XCBuildConfiguration;
			buildSettings = {
				ALWAYS_EMBED_SWIFT_STANDARD_LIBRARIES = YES;
				CODE_SIGN_STYLE = Automatic;
				DEVELOPMENT_TEAM = 7978CN5FM3;
				INFOPLIST_FILE = IGStoryButtonKitTests/Info.plist;
				LD_RUNPATH_SEARCH_PATHS = (
					"$(inherited)",
					"@executable_path/Frameworks",
					"@loader_path/Frameworks",
				);
				PRODUCT_BUNDLE_IDENTIFIER = muta.IGStoryUITests;
				PRODUCT_NAME = "$(TARGET_NAME)";
				SWIFT_VERSION = 5.0;
				TARGETED_DEVICE_FAMILY = "1,2";
			};
			name = Release;
		};
		E2CBC33C259CD8D300B92BA4 /* Debug */ = {
			isa = XCBuildConfiguration;
			buildSettings = {
				ASSETCATALOG_COMPILER_APPICON_NAME = AppIcon;
				ASSETCATALOG_COMPILER_GLOBAL_ACCENT_COLOR_NAME = AccentColor;
				CODE_SIGN_STYLE = Automatic;
				DEVELOPMENT_TEAM = 7978CN5FM3;
				INFOPLIST_FILE = ExampleApp/Resource/Info.plist;
				IPHONEOS_DEPLOYMENT_TARGET = 13.0;
				LD_RUNPATH_SEARCH_PATHS = (
					"$(inherited)",
					"@executable_path/Frameworks",
				);
				PRODUCT_BUNDLE_IDENTIFIER = muta.ExampleApp;
				PRODUCT_NAME = "$(TARGET_NAME)";
				SWIFT_VERSION = 5.0;
				TARGETED_DEVICE_FAMILY = "1,2";
			};
			name = Debug;
		};
		E2CBC33D259CD8D300B92BA4 /* Release */ = {
			isa = XCBuildConfiguration;
			buildSettings = {
				ASSETCATALOG_COMPILER_APPICON_NAME = AppIcon;
				ASSETCATALOG_COMPILER_GLOBAL_ACCENT_COLOR_NAME = AccentColor;
				CODE_SIGN_STYLE = Automatic;
				DEVELOPMENT_TEAM = 7978CN5FM3;
				INFOPLIST_FILE = ExampleApp/Resource/Info.plist;
				IPHONEOS_DEPLOYMENT_TARGET = 13.0;
				LD_RUNPATH_SEARCH_PATHS = (
					"$(inherited)",
					"@executable_path/Frameworks",
				);
				PRODUCT_BUNDLE_IDENTIFIER = muta.ExampleApp;
				PRODUCT_NAME = "$(TARGET_NAME)";
				SWIFT_VERSION = 5.0;
				TARGETED_DEVICE_FAMILY = "1,2";
			};
			name = Release;
		};
/* End XCBuildConfiguration section */

/* Begin XCConfigurationList section */
		E2CBC2E3259CD73700B92BA4 /* Build configuration list for PBXProject "IGStoryButtonKit" */ = {
			isa = XCConfigurationList;
			buildConfigurations = (
				E2CBC2FB259CD73700B92BA4 /* Debug */,
				E2CBC2FC259CD73700B92BA4 /* Release */,
			);
			defaultConfigurationIsVisible = 0;
			defaultConfigurationName = Release;
		};
		E2CBC2FD259CD73700B92BA4 /* Build configuration list for PBXNativeTarget "IGStoryButtonKit" */ = {
			isa = XCConfigurationList;
			buildConfigurations = (
				E2CBC2FE259CD73700B92BA4 /* Debug */,
				E2CBC2FF259CD73700B92BA4 /* Release */,
			);
			defaultConfigurationIsVisible = 0;
			defaultConfigurationName = Release;
		};
		E2CBC300259CD73700B92BA4 /* Build configuration list for PBXNativeTarget "IGStoryButtonKitTests" */ = {
			isa = XCConfigurationList;
			buildConfigurations = (
				E2CBC301259CD73700B92BA4 /* Debug */,
				E2CBC302259CD73700B92BA4 /* Release */,
			);
			defaultConfigurationIsVisible = 0;
			defaultConfigurationName = Release;
		};
		E2CBC33B259CD8D300B92BA4 /* Build configuration list for PBXNativeTarget "ExampleApp" */ = {
			isa = XCConfigurationList;
			buildConfigurations = (
				E2CBC33C259CD8D300B92BA4 /* Debug */,
				E2CBC33D259CD8D300B92BA4 /* Release */,
			);
			defaultConfigurationIsVisible = 0;
			defaultConfigurationName = Release;
		};
/* End XCConfigurationList section */
	};
	rootObject = E2CBC2E0259CD73700B92BA4 /* Project object */;
}
